{
  "name": "portal-os-console",
  "version": "0.1.0",
  "lockfileVersion": 3,
  "requires": true,
  "packages": {
    "": { "name": "portal-os-console", "version": "0.1.0", "dependencies": { "react": "latest", "react-dom": "latest", "three": "^0.170.0" }, "devDependencies": { "@types/react": "latest", "@types/react-dom": "latest", "@types/three": "^0.170.0", "@vitejs/plugin-react": "latest", "typescript": "latest", "vite": "latest" } }
  }
}
